
Microsoft Visual Studio Solution File, Format Version 12.00
# Visual Studio Version 17
VisualStudioVersion = 17.10.35027.167
MinimumVisualStudioVersion = 10.0.40219.1
Project("{FAE04EC0-301F-11D3-BF4B-00C04F79EFBC}") = "IPFBrowser", "IPFBrowser\IPFBrowser.csproj", "{1776B727-829E-46A4-B9BE-96687449C1D3}"
EndProject
Project("{FAE04EC0-301F-11D3-BF4B-00C04F79EFBC}") = "IPFBrowserCLI", "IPFBrowserCLI\IPFBrowserCLI.csproj", "{BA4B9EE8-16F4-4D36-AEC0-343CB59166B2}"
EndProject
Global
	GlobalSection(SolutionConfigurationPlatforms) = preSolution
		Debug|Any CPU = Debug|Any CPU
		Release|Any CPU = Release|Any CPU
	EndGlobalSection
	GlobalSection(ProjectConfigurationPlatforms) = postSolution
		{1776B727-829E-46A4-B9BE-96687449C1D3}.Debug|Any CPU.ActiveCfg = Debug|Any CPU
		{1776B727-829E-46A4-B9BE-96687449C1D3}.Debug|Any CPU.Build.0 = Debug|Any CPU
		{1776B727-829E-46A4-B9BE-96687449C1D3}.Release|Any CPU.ActiveCfg = Release|Any CPU
		{1776B727-829E-46A4-B9BE-96687449C1D3}.Release|Any CPU.Build.0 = Release|Any CPU
		{BA4B9EE8-16F4-4D36-AEC0-343CB59166B2}.Debug|Any CPU.ActiveCfg = Debug|Any CPU
		{BA4B9EE8-16F4-4D36-AEC0-343CB59166B2}.Debug|Any CPU.Build.0 = Debug|Any CPU
		{BA4B9EE8-16F4-4D36-AEC0-343CB59166B2}.Release|Any CPU.ActiveCfg = Release|Any CPU
		{BA4B9EE8-16F4-4D36-AEC0-343CB59166B2}.Release|Any CPU.Build.0 = Release|Any CPU
	EndGlobalSection
	GlobalSection(SolutionProperties) = preSolution
		HideSolutionNode = FALSE
	EndGlobalSection
	GlobalSection(ExtensibilityGlobals) = postSolution
		SolutionGuid = {C195ABFD-1461-41EF-9A4B-79F221C4A7CC}
	EndGlobalSection
EndGlobal
